
Microsoft Visual Studio Solution File, Format Version 12.00
# Visual Studio 14
VisualStudioVersion = 14.0.23107.0
MinimumVisualStudioVersion = 10.0.40219.1
Project("{FAE04EC0-301F-11D3-BF4B-00C04F79EFBC}") = "StockWriter", "StockWriter\StockWriter.csproj", "{50BD382E-3724-4723-AFAC-BE18A1A4C552}"
EndProject
Project("{FAE04EC0-301F-11D3-BF4B-00C04F79EFBC}") = "StockReader", "..\StockReader\StockReader.csproj", "{B671CE28-50A7-4972-B96F-A2BC6C3FE5AD}"
EndProject
Global
	GlobalSection(SolutionConfigurationPlatforms) = preSolution
		Debug|Any CPU = Debug|Any CPU
		Release|Any CPU = Release|Any CPU
	EndGlobalSection
	GlobalSection(ProjectConfigurationPlatforms) = postSolution
		{50BD382E-3724-4723-AFAC-BE18A1A4C552}.Debug|Any CPU.ActiveCfg = Debug|Any CPU
		{50BD382E-3724-4723-AFAC-BE18A1A4C552}.Debug|Any CPU.Build.0 = Debug|Any CPU
		{50BD382E-3724-4723-AFAC-BE18A1A4C552}.Release|Any CPU.ActiveCfg = Release|Any CPU
		{50BD382E-3724-4723-AFAC-BE18A1A4C552}.Release|Any CPU.Build.0 = Release|Any CPU
		{B671CE28-50A7-4972-B96F-A2BC6C3FE5AD}.Debug|Any CPU.ActiveCfg = Debug|Any CPU
		{B671CE28-50A7-4972-B96F-A2BC6C3FE5AD}.Debug|Any CPU.Build.0 = Debug|Any CPU
		{B671CE28-50A7-4972-B96F-A2BC6C3FE5AD}.Release|Any CPU.ActiveCfg = Release|Any CPU
		{B671CE28-50A7-4972-B96F-A2BC6C3FE5AD}.Release|Any CPU.Build.0 = Release|Any CPU
	EndGlobalSection
	GlobalSection(SolutionProperties) = preSolution
		HideSolutionNode = FALSE
	EndGlobalSection
EndGlobal
